
Microsoft Visual Studio Solution File, Format Version 12.00
# Visual Studio Version 16
VisualStudioVersion = 16.0.29911.84
MinimumVisualStudioVersion = 10.0.40219.1
Project("{888888A0-9F3D-457C-B088-3A5042F75D52}") = "What Game Shall We Play Today", "What Game Shall We Play Today\What Game Shall We Play Today.pyproj", "{BCDDB69D-CF95-498C-AA9E-C64C3AF1143E}"
EndProject
Global
	GlobalSection(SolutionConfigurationPlatforms) = preSolution
		Debug|Any CPU = Debug|Any CPU
		Release|Any CPU = Release|Any CPU
	EndGlobalSection
	GlobalSection(ProjectConfigurationPlatforms) = postSolution
		{BCDDB69D-CF95-498C-AA9E-C64C3AF1143E}.Debug|Any CPU.ActiveCfg = Debug|Any CPU
		{BCDDB69D-CF95-498C-AA9E-C64C3AF1143E}.Release|Any CPU.ActiveCfg = Release|Any CPU
	EndGlobalSection
	GlobalSection(SolutionProperties) = preSolution
		HideSolutionNode = FALSE
	EndGlobalSection
	GlobalSection(ExtensibilityGlobals) = postSolution
		SolutionGuid = {3154ADC3-C4EB-4237-88A4-842250D765DA}
	EndGlobalSection
EndGlobal
